
Microsoft Visual Studio Solution File, Format Version 12.00
# Visual Studio Version 17
VisualStudioVersion = 17.5.33502.453
MinimumVisualStudioVersion = 10.0.40219.1
Project("{FAE04EC0-301F-11D3-BF4B-00C04F79EFBC}") = "JP", "JP\JP.csproj", "{B1385727-998D-4232-B1F2-FA9BD3BCEC7A}"
EndProject
Global
	GlobalSection(SolutionConfigurationPlatforms) = preSolution
		Debug|Any CPU = Debug|Any CPU
		Release|Any CPU = Release|Any CPU
	EndGlobalSection
	GlobalSection(ProjectConfigurationPlatforms) = postSolution
		{B1385727-998D-4232-B1F2-FA9BD3BCEC7A}.Debug|Any CPU.ActiveCfg = Debug|Any CPU
		{B1385727-998D-4232-B1F2-FA9BD3BCEC7A}.Debug|Any CPU.Build.0 = Debug|Any CPU
		{B1385727-998D-4232-B1F2-FA9BD3BCEC7A}.Release|Any CPU.ActiveCfg = Release|Any CPU
		{B1385727-998D-4232-B1F2-FA9BD3BCEC7A}.Release|Any CPU.Build.0 = Release|Any CPU
	EndGlobalSection
	GlobalSection(SolutionProperties) = preSolution
		HideSolutionNode = FALSE
	EndGlobalSection
	GlobalSection(ExtensibilityGlobals) = postSolution
		SolutionGuid = {9CFB8EDB-0A1D-4F01-A819-52971F990AD1}
	EndGlobalSection
EndGlobal
